{
  "name": "standardized-scaffold",
  "version": "1.0.0",
  "lockfileVersion": 1,
  "requires": true,
  "dependencies": {
    "@tbmp/mp-cloud-sdk": {
      "version": "1.5.5",
      "resolved": "https://registry.npmmirror.com/@tbmp/mp-cloud-sdk/-/mp-cloud-sdk-1.5.5.tgz",
      "integrity": "sha512-/wFdMfkATA8KvykUK7aav2vyoP8bM8SQNC73Lmsn3wxlRzTcyKp0EKWUnpnAM0wpJd1DUEI5ag2IyOWJmIfSCg=="
    },
    "moment": {
      "version": "2.29.4",
      "resolved": "https://registry.npmmirror.com/moment/-/moment-2.29.4.tgz",
      "integrity": "sha512-5LC9SOxjSc2HF6vO2CyuTDNivEdoz2IvyJJGj6X8DJ0eFyfszE0QiEd+iXmBvUP3WHxSjFH/vIsA0EN00cgr8w=="
    }
  }
}
