{
  "name": "client",
  "version": "1.0.0",
  "lockfileVersion": 3,
  "requires": true,
  "packages": {
    "": {
      "version": "1.0.0",
      "license": "MIT",
      "dependencies": {
        "@tbmp/mp-cloud-sdk": "^1.5.4",
        "mini-antui": "^0.5.2",
        "mini-html-parser2": "^0.3.0"
      }
    },
    "node_modules/@tbmp/mp-cloud-sdk": {
      "version": "1.5.4",
      "resolved": "https://registry.npmmirror.com/@tbmp/mp-cloud-sdk/-/mp-cloud-sdk-1.5.4.tgz",
      "integrity": "sha512-GZJhTj5GWK5cCGvy+rOWgQSBxtXccO98TvAC4x7lluWFLyEXxPP4SH1YDFW6MZpbPVSXB6xVBVwWrs15842Emw=="
    },
    "node_modules/domelementtype": {
      "version": "1.3.1",
      "resolved": "https://registry.npmmirror.com/domelementtype/-/domelementtype-1.3.1.tgz",
      "integrity": "sha512-BSKB+TSpMpFI/HOxCNr1O8aMOTZ8hT3pM3GQ0w/mWRmkhEDSFJkkyzz4XQsBV44BChwGkrDfMyjVD0eA2aFV3w=="
    },
    "node_modules/domhandler": {
      "version": "2.4.2",
      "resolved": "https://registry.npmmirror.com/domhandler/-/domhandler-2.4.2.tgz",
      "integrity": "sha512-JiK04h0Ht5u/80fdLMCEmV4zkNh2BcoMFBmZ/91WtYZ8qVXSKjiw7fXMgFPnHcSZgOo3XdinHvmnDUeMf5R4wA==",
      "dependencies": {
        "domelementtype": "1"
      }
    },
    "node_modules/entities": {
      "version": "1.1.2",
      "resolved": "https://registry.npmmirror.com/entities/-/entities-1.1.2.tgz",
      "integrity": "sha512-f2LZMYl1Fzu7YSBKg+RoROelpOaNrcGmE9AZubeDfrCEia483oW4MI4VyFd5VNHIgQ/7qm1I0wUHK1eJnn2y2w=="
    },
    "node_modules/events": {
      "version": "3.3.0",
      "resolved": "https://registry.npmmirror.com/events/-/events-3.3.0.tgz",
      "integrity": "sha512-mQw+2fkQbALzQ7V0MY0IqdnXNOeTtP4r0lN9z7AAawCXgqea7bDii20AYrIBrFd/Hx0M2Ocz6S111CaFkUcb0Q==",
      "engines": {
        "node": ">=0.8.x"
      }
    },
    "node_modules/mini-antui": {
      "version": "0.5.2",
      "resolved": "https://registry.npmmirror.com/mini-antui/-/mini-antui-0.5.2.tgz",
      "integrity": "sha512-Y3KSDuvrU2ygfAQMjcalNwaCu/jat/BaV43K4juKtsY9q5TUGbhKqDKEMFl6WWa7M49or52iYWsHwKBjfH9N+w==",
      "deprecated": "mini-antui不再维护。推荐使用antd-mini https://mini.ant.design/"
    },
    "node_modules/mini-html-parser2": {
      "version": "0.3.0",
      "resolved": "https://registry.npmmirror.com/mini-html-parser2/-/mini-html-parser2-0.3.0.tgz",
      "integrity": "sha512-W4x1MCmtlnAH5M9qQ1WbRn+hTvv7bdrJx4VI+6SD0MUZatW/6K7v213Aidx7VDQmSKoRv+iAn5TswJnesOs71Q==",
      "dependencies": {
        "domhandler": "^2.4.2",
        "entities": "^1.1.1",
        "events": "^3.0.0"
      }
    }
  }
}
